
Microsoft Visual Studio Solution File, Format Version 12.00
# Visual Studio 15
VisualStudioVersion = 15.0.25807.0
MinimumVisualStudioVersion = 10.0.40219.1
Project("{2150E333-8FDC-42A3-9474-1A3956D46DE8}") = "Engine", "Engine", "{0162F8F0-9BEA-4D16-B57E-AB7F865DC815}"
EndProject
Project("{2150E333-8FDC-42A3-9474-1A3956D46DE8}") = "Games", "Games", "{E850E7FB-624B-4AC6-BC4F-7DAB472F20B5}"
EndProject
Project("{8BC9CEB8-8B4A-11D0-8D11-00A0C91BC942}") = "UE4", "Intermediate\ProjectFiles\UE4.vcxproj", "{0E7352E0-BD7B-4189-B3BB-48B19823ECCF}"
EndProject
Project("{8BC9CEB8-8B4A-11D0-8D11-00A0C91BC942}") = "CoopGame", "Intermediate\ProjectFiles\CoopGame.vcxproj", "{38015F3B-1FB6-4583-B9C4-D73C41A7EC5F}"
EndProject
Project("{2150E333-8FDC-42A3-9474-1A3956D46DE8}") = "Visualizers", "Visualizers", "{F20443E5-C2FA-4635-9D9F-62B03BC5774B}"
	ProjectSection(SolutionItems) = preProject
		C:\Program Files\EpicGames\UE_4.22\Engine\Extras\VisualStudioDebugging\UE4.natvis = C:\Program Files\EpicGames\UE_4.22\Engine\Extras\VisualStudioDebugging\UE4.natvis
	EndProjectSection
EndProject
Global
	GlobalSection(SolutionConfigurationPlatforms) = preSolution
		DebugGame Editor|Win32 = DebugGame Editor|Win32
		DebugGame Editor|Win64 = DebugGame Editor|Win64
		DebugGame|Win32 = DebugGame|Win32
		DebugGame|Win64 = DebugGame|Win64
		Development Editor|Win32 = Development Editor|Win32
		Development Editor|Win64 = Development Editor|Win64
		Development|Win32 = Development|Win32
		Development|Win64 = Development|Win64
		Shipping|Win32 = Shipping|Win32
		Shipping|Win64 = Shipping|Win64
	EndGlobalSection
	GlobalSection(ProjectConfigurationPlatforms) = postSolution
		{0E7352E0-BD7B-4189-B3BB-48B19823ECCF}.DebugGame Editor|Win32.ActiveCfg = BuiltWithUnrealBuildTool|Win32
		{0E7352E0-BD7B-4189-B3BB-48B19823ECCF}.DebugGame Editor|Win64.ActiveCfg = BuiltWithUnrealBuildTool|Win32
		{0E7352E0-BD7B-4189-B3BB-48B19823ECCF}.DebugGame|Win32.ActiveCfg = BuiltWithUnrealBuildTool|Win32
		{0E7352E0-BD7B-4189-B3BB-48B19823ECCF}.DebugGame|Win64.ActiveCfg = BuiltWithUnrealBuildTool|Win32
		{0E7352E0-BD7B-4189-B3BB-48B19823ECCF}.Development Editor|Win32.ActiveCfg = BuiltWithUnrealBuildTool|Win32
		{0E7352E0-BD7B-4189-B3BB-48B19823ECCF}.Development Editor|Win64.ActiveCfg = BuiltWithUnrealBuildTool|Win32
		{0E7352E0-BD7B-4189-B3BB-48B19823ECCF}.Development|Win32.ActiveCfg = BuiltWithUnrealBuildTool|Win32
		{0E7352E0-BD7B-4189-B3BB-48B19823ECCF}.Development|Win64.ActiveCfg = BuiltWithUnrealBuildTool|Win32
		{0E7352E0-BD7B-4189-B3BB-48B19823ECCF}.Shipping|Win32.ActiveCfg = BuiltWithUnrealBuildTool|Win32
		{0E7352E0-BD7B-4189-B3BB-48B19823ECCF}.Shipping|Win64.ActiveCfg = BuiltWithUnrealBuildTool|Win32
		{38015F3B-1FB6-4583-B9C4-D73C41A7EC5F}.DebugGame Editor|Win32.ActiveCfg = Invalid|Win32
		{38015F3B-1FB6-4583-B9C4-D73C41A7EC5F}.DebugGame Editor|Win64.ActiveCfg = DebugGame_Editor|x64
		{38015F3B-1FB6-4583-B9C4-D73C41A7EC5F}.DebugGame Editor|Win64.Build.0 = DebugGame_Editor|x64
		{38015F3B-1FB6-4583-B9C4-D73C41A7EC5F}.DebugGame|Win32.ActiveCfg = DebugGame|Win32
		{38015F3B-1FB6-4583-B9C4-D73C41A7EC5F}.DebugGame|Win32.Build.0 = DebugGame|Win32
		{38015F3B-1FB6-4583-B9C4-D73C41A7EC5F}.DebugGame|Win64.ActiveCfg = DebugGame|x64
		{38015F3B-1FB6-4583-B9C4-D73C41A7EC5F}.DebugGame|Win64.Build.0 = DebugGame|x64
		{38015F3B-1FB6-4583-B9C4-D73C41A7EC5F}.Development Editor|Win32.ActiveCfg = Invalid|Win32
		{38015F3B-1FB6-4583-B9C4-D73C41A7EC5F}.Development Editor|Win64.ActiveCfg = Development_Editor|x64
		{38015F3B-1FB6-4583-B9C4-D73C41A7EC5F}.Development Editor|Win64.Build.0 = Development_Editor|x64
		{38015F3B-1FB6-4583-B9C4-D73C41A7EC5F}.Development|Win32.ActiveCfg = Development|Win32
		{38015F3B-1FB6-4583-B9C4-D73C41A7EC5F}.Development|Win32.Build.0 = Development|Win32
		{38015F3B-1FB6-4583-B9C4-D73C41A7EC5F}.Development|Win64.ActiveCfg = Development|x64
		{38015F3B-1FB6-4583-B9C4-D73C41A7EC5F}.Development|Win64.Build.0 = Development|x64
		{38015F3B-1FB6-4583-B9C4-D73C41A7EC5F}.Shipping|Win32.ActiveCfg = Shipping|Win32
		{38015F3B-1FB6-4583-B9C4-D73C41A7EC5F}.Shipping|Win32.Build.0 = Shipping|Win32
		{38015F3B-1FB6-4583-B9C4-D73C41A7EC5F}.Shipping|Win64.ActiveCfg = Shipping|x64
		{38015F3B-1FB6-4583-B9C4-D73C41A7EC5F}.Shipping|Win64.Build.0 = Shipping|x64
	EndGlobalSection
	GlobalSection(SolutionProperties) = preSolution
		HideSolutionNode = FALSE
	EndGlobalSection
	GlobalSection(NestedProjects) = preSolution
		{0E7352E0-BD7B-4189-B3BB-48B19823ECCF} = {0162F8F0-9BEA-4D16-B57E-AB7F865DC815}
		{38015F3B-1FB6-4583-B9C4-D73C41A7EC5F} = {E850E7FB-624B-4AC6-BC4F-7DAB472F20B5}
	EndGlobalSection
EndGlobal
